
Microsoft Visual Studio Solution File, Format Version 12.00
# Visual Studio Version 16
VisualStudioVersion = 16.0.31729.503
MinimumVisualStudioVersion = 10.0.40219.1
Project("{FAE04EC0-301F-11D3-BF4B-00C04F79EFBC}") = "TestVeeamPageEdge", "TestVeeamPageEdge\TestVeeamPageEdge.csproj", "{7110E441-2952-402A-99AC-BAB617F3C7A8}"
EndProject
Project("{FAE04EC0-301F-11D3-BF4B-00C04F79EFBC}") = "RunTestPageEdge", "WindowsProcessMonitor\RunTestPageEdge.csproj", "{96582870-5F73-4EA1-9A8D-ADBFAC7A5057}"
EndProject
Project("{2150E333-8FDC-42A3-9474-1A3956D46DE8}") = "Solution Items", "Solution Items", "{36C77229-A16C-4EE3-ACA0-192F4E4EDA17}"
	ProjectSection(SolutionItems) = preProject
		..\..\..\Downloads\edgedriver_win64\msedgedriver.exe = ..\..\..\Downloads\edgedriver_win64\msedgedriver.exe
	EndProjectSection
EndProject
Global
	GlobalSection(SolutionConfigurationPlatforms) = preSolution
		Debug|Any CPU = Debug|Any CPU
		Release|Any CPU = Release|Any CPU
	EndGlobalSection
	GlobalSection(ProjectConfigurationPlatforms) = postSolution
		{7110E441-2952-402A-99AC-BAB617F3C7A8}.Debug|Any CPU.ActiveCfg = Debug|Any CPU
		{7110E441-2952-402A-99AC-BAB617F3C7A8}.Debug|Any CPU.Build.0 = Debug|Any CPU
		{7110E441-2952-402A-99AC-BAB617F3C7A8}.Release|Any CPU.ActiveCfg = Release|Any CPU
		{7110E441-2952-402A-99AC-BAB617F3C7A8}.Release|Any CPU.Build.0 = Release|Any CPU
		{96582870-5F73-4EA1-9A8D-ADBFAC7A5057}.Debug|Any CPU.ActiveCfg = Debug|Any CPU
		{96582870-5F73-4EA1-9A8D-ADBFAC7A5057}.Debug|Any CPU.Build.0 = Debug|Any CPU
		{96582870-5F73-4EA1-9A8D-ADBFAC7A5057}.Release|Any CPU.ActiveCfg = Release|Any CPU
		{96582870-5F73-4EA1-9A8D-ADBFAC7A5057}.Release|Any CPU.Build.0 = Release|Any CPU
	EndGlobalSection
	GlobalSection(SolutionProperties) = preSolution
		HideSolutionNode = FALSE
	EndGlobalSection
	GlobalSection(ExtensibilityGlobals) = postSolution
		SolutionGuid = {F3675820-5752-4F87-A359-B35561B15719}
	EndGlobalSection
EndGlobal
